
Microsoft Visual Studio Solution File, Format Version 12.00
Project("{2150E333-8FDC-42A3-9474-1A3956D46DE8}") = "Solution Items", "Solution Items", "{0800D430-7FAF-4ACB-8A9A-6E1A9D8455B9}"
	ProjectSection(SolutionItems) = preProject
		src\docker-compose.override.yml = src\docker-compose.override.yml
		src\docker-compose.yml = src\docker-compose.yml
	EndProjectSection
EndProject
Project("{2150E333-8FDC-42A3-9474-1A3956D46DE8}") = "src", "src", "{46D44E6B-8879-4197-913C-6DA6000FF332}"
EndProject
Project("{2150E333-8FDC-42A3-9474-1A3956D46DE8}") = "ApiGateways", "ApiGateways", "{1B917FF3-8045-492B-87D1-E9E9EF75B19D}"
EndProject
Project("{2150E333-8FDC-42A3-9474-1A3956D46DE8}") = "BuildingBlocks", "BuildingBlocks", "{20A0110A-0786-476D-B783-BB3EA451D271}"
EndProject
Project("{2150E333-8FDC-42A3-9474-1A3956D46DE8}") = "Services", "Services", "{057D7DE7-B20F-47AD-99D8-8093D2FEC312}"
EndProject
Project("{2150E333-8FDC-42A3-9474-1A3956D46DE8}") = "WebApps", "WebApps", "{54A338F5-CDDC-4CD5-A1DC-76CF8AC9767B}"
EndProject
Project("{2150E333-8FDC-42A3-9474-1A3956D46DE8}") = "Product", "Product", "{D279639C-B4C5-41E1-A0FF-A583526D2F7F}"
EndProject
Project("{2150E333-8FDC-42A3-9474-1A3956D46DE8}") = "EventBus", "EventBus", "{54193816-497E-410B-A656-E671757FDB48}"
EndProject
Project("{FAE04EC0-301F-11D3-BF4B-00C04F79EFBC}") = "Common.Logging", "src\BuildingBlocks\Common.Logging\Common.Logging.csproj", "{0597E8AF-3089-4423-9F72-F94F553D9B91}"
EndProject
Project("{FAE04EC0-301F-11D3-BF4B-00C04F79EFBC}") = "Contracts", "src\BuildingBlocks\Contracts\Contracts.csproj", "{DC079C86-320B-4F70-903F-D2D62A659FBB}"
EndProject
Project("{FAE04EC0-301F-11D3-BF4B-00C04F79EFBC}") = "Infrastructure", "src\BuildingBlocks\Infrastructure\Infrastructure.csproj", "{D6CEACF7-207B-49B9-8B6A-D9717212659A}"
EndProject
Project("{FAE04EC0-301F-11D3-BF4B-00C04F79EFBC}") = "WebApplication1", "WebApplication1\WebApplication1.csproj", "{25BAAEA3-A154-4F15-A958-DFC2D300EEDB}"
EndProject
Project("{2150E333-8FDC-42A3-9474-1A3956D46DE8}") = "Basket", "Basket", "{FCB7A1D9-F272-4A39-B4E4-55688DFA907C}"
EndProject
Project("{FAE04EC0-301F-11D3-BF4B-00C04F79EFBC}") = "Basket.API", "src\Services\Basket.API\Basket.API.csproj", "{A165BF2A-FDE7-40BE-8FDD-7CF03254CB1A}"
EndProject
Project("{FAE04EC0-301F-11D3-BF4B-00C04F79EFBC}") = "Shared", "src\BuildingBlocks\Shared\Shared.csproj", "{50283063-AE99-43EE-998F-883358B392B6}"
EndProject
Project("{FAE04EC0-301F-11D3-BF4B-00C04F79EFBC}") = "Product.API", "src\Services\Product.API\Product.API.csproj", "{B940CC72-93E5-4334-8504-1B7DA2EAF0A3}"
EndProject
Project("{FAE04EC0-301F-11D3-BF4B-00C04F79EFBC}") = "Customer.API", "src\Services\Customer.API\Customer.API.csproj", "{AB5827BE-7721-4F35-BFD4-9075B9854DF2}"
EndProject
Project("{2150E333-8FDC-42A3-9474-1A3956D46DE8}") = "Customer", "Customer", "{6B65BE99-C4FC-4A4D-B8BA-183AD67D6C93}"
EndProject
Project("{2150E333-8FDC-42A3-9474-1A3956D46DE8}") = "Ordering", "Ordering", "{AAA407F0-8A55-40BF-BBBE-31D9BFF8D2B4}"
EndProject
Project("{FAE04EC0-301F-11D3-BF4B-00C04F79EFBC}") = "Ordering.API", "src\Services\Ordering\Ordering.API\Ordering.API.csproj", "{A60A86FB-CBFD-4A2E-8C75-CCEF9402C4F9}"
EndProject
Project("{FAE04EC0-301F-11D3-BF4B-00C04F79EFBC}") = "Ordering.Application", "src\Services\Ordering\Ordering.Application\Ordering.Application.csproj", "{2FCC75D8-9A95-4F39-B988-0AF9707D2B5A}"
EndProject
Project("{FAE04EC0-301F-11D3-BF4B-00C04F79EFBC}") = "Ordering.Domain", "src\Services\Ordering\Ordering.Domain\Ordering.Domain.csproj", "{49D12A32-2433-44A0-9001-FA77FAA48BF7}"
EndProject
Project("{FAE04EC0-301F-11D3-BF4B-00C04F79EFBC}") = "Ordering.Infrastructure", "src\Services\Ordering\Ordering.Infrastructure\Ordering.Infrastructure.csproj", "{40E180EC-CBD0-4349-9035-7C8FBDA4119A}"
EndProject
Project("{FAE04EC0-301F-11D3-BF4B-00C04F79EFBC}") = "EventBus.Messages", "src\BuildingBlocks\EventBus\EventBus.Messages\EventBus.Messages.csproj", "{E22159C5-D1A3-4931-B64F-901471346CD6}"
EndProject
Project("{2150E333-8FDC-42A3-9474-1A3956D46DE8}") = "Inventory", "Inventory", "{6348D1B7-DFB7-496C-BDE3-938F823087FA}"
EndProject
Project("{FAE04EC0-301F-11D3-BF4B-00C04F79EFBC}") = "Inventory.API", "src\Services\Inventory\Inventory.API\Inventory.API.csproj", "{F0BACB7B-7E50-4095-8600-3275B971A50A}"
EndProject
Project("{2150E333-8FDC-42A3-9474-1A3956D46DE8}") = "Inventory.Grpc", "Inventory.Grpc", "{46279F9B-E1C5-4FEE-BCD7-FA0849B7C4C5}"
EndProject
Project("{FAE04EC0-301F-11D3-BF4B-00C04F79EFBC}") = "Inventory.Grpc", "src\Services\Inventory.Grpc\Inventory.Grpc\Inventory.Grpc.csproj", "{9732CBD7-3584-40B2-AB20-BC533D8A1C73}"
EndProject
Project("{FAE04EC0-301F-11D3-BF4B-00C04F79EFBC}") = "OcelotApiGateway", "OcelotApiGateway\OcelotApiGateway.csproj", "{1A00F3EB-F7DE-4308-A873-BDB5DABA3685}"
EndProject
Project("{2150E333-8FDC-42A3-9474-1A3956D46DE8}") = "ScheduledJob", "ScheduledJob", "{5FDB268A-019B-453C-9EE5-C6EA9DC993AA}"
EndProject
Project("{FAE04EC0-301F-11D3-BF4B-00C04F79EFBC}") = "HangFire.API", "HangFire.API\HangFire.API.csproj", "{858D9200-2154-4867-83F9-FBD817E33C1D}"
EndProject
Project("{2150E333-8FDC-42A3-9474-1A3956D46DE8}") = "Saga.Orchestrator", "Saga.Orchestrator", "{2416565E-9C21-4433-BEF5-F4235F316B94}"
EndProject
Project("{FAE04EC0-301F-11D3-BF4B-00C04F79EFBC}") = "Saga.Orchestrator", "src\Saga.Orchestrator\Saga.Orchestrator\Saga.Orchestrator.csproj", "{9CBFE600-6CDA-4DB8-A274-1070A98A462E}"
EndProject
Project("{FAE04EC0-301F-11D3-BF4B-00C04F79EFBC}") = "AppHost", "AppHost\AppHost.csproj", "{2AF24DF0-798F-4325-BF49-AD709A2BAC7E}"
EndProject
Project("{2150E333-8FDC-42A3-9474-1A3956D46DE8}") = "AppHost", "AppHost", "{3DB6219F-FCB6-4A28-B9D9-A9F41B8800A6}"
EndProject
Global
	GlobalSection(SolutionConfigurationPlatforms) = preSolution
		Debug|Any CPU = Debug|Any CPU
		Release|Any CPU = Release|Any CPU
	EndGlobalSection
	GlobalSection(NestedProjects) = preSolution
		{1B917FF3-8045-492B-87D1-E9E9EF75B19D} = {46D44E6B-8879-4197-913C-6DA6000FF332}
		{20A0110A-0786-476D-B783-BB3EA451D271} = {46D44E6B-8879-4197-913C-6DA6000FF332}
		{057D7DE7-B20F-47AD-99D8-8093D2FEC312} = {46D44E6B-8879-4197-913C-6DA6000FF332}
		{54A338F5-CDDC-4CD5-A1DC-76CF8AC9767B} = {46D44E6B-8879-4197-913C-6DA6000FF332}
		{D279639C-B4C5-41E1-A0FF-A583526D2F7F} = {057D7DE7-B20F-47AD-99D8-8093D2FEC312}
		{54193816-497E-410B-A656-E671757FDB48} = {20A0110A-0786-476D-B783-BB3EA451D271}
		{0597E8AF-3089-4423-9F72-F94F553D9B91} = {20A0110A-0786-476D-B783-BB3EA451D271}
		{DC079C86-320B-4F70-903F-D2D62A659FBB} = {20A0110A-0786-476D-B783-BB3EA451D271}
		{D6CEACF7-207B-49B9-8B6A-D9717212659A} = {20A0110A-0786-476D-B783-BB3EA451D271}
		{25BAAEA3-A154-4F15-A958-DFC2D300EEDB} = {54A338F5-CDDC-4CD5-A1DC-76CF8AC9767B}
		{FCB7A1D9-F272-4A39-B4E4-55688DFA907C} = {057D7DE7-B20F-47AD-99D8-8093D2FEC312}
		{A165BF2A-FDE7-40BE-8FDD-7CF03254CB1A} = {FCB7A1D9-F272-4A39-B4E4-55688DFA907C}
		{50283063-AE99-43EE-998F-883358B392B6} = {20A0110A-0786-476D-B783-BB3EA451D271}
		{B940CC72-93E5-4334-8504-1B7DA2EAF0A3} = {D279639C-B4C5-41E1-A0FF-A583526D2F7F}
		{6B65BE99-C4FC-4A4D-B8BA-183AD67D6C93} = {057D7DE7-B20F-47AD-99D8-8093D2FEC312}
		{AB5827BE-7721-4F35-BFD4-9075B9854DF2} = {6B65BE99-C4FC-4A4D-B8BA-183AD67D6C93}
		{AAA407F0-8A55-40BF-BBBE-31D9BFF8D2B4} = {057D7DE7-B20F-47AD-99D8-8093D2FEC312}
		{A60A86FB-CBFD-4A2E-8C75-CCEF9402C4F9} = {AAA407F0-8A55-40BF-BBBE-31D9BFF8D2B4}
		{2FCC75D8-9A95-4F39-B988-0AF9707D2B5A} = {AAA407F0-8A55-40BF-BBBE-31D9BFF8D2B4}
		{49D12A32-2433-44A0-9001-FA77FAA48BF7} = {AAA407F0-8A55-40BF-BBBE-31D9BFF8D2B4}
		{40E180EC-CBD0-4349-9035-7C8FBDA4119A} = {AAA407F0-8A55-40BF-BBBE-31D9BFF8D2B4}
		{E22159C5-D1A3-4931-B64F-901471346CD6} = {54193816-497E-410B-A656-E671757FDB48}
		{6348D1B7-DFB7-496C-BDE3-938F823087FA} = {057D7DE7-B20F-47AD-99D8-8093D2FEC312}
		{F0BACB7B-7E50-4095-8600-3275B971A50A} = {6348D1B7-DFB7-496C-BDE3-938F823087FA}
		{46279F9B-E1C5-4FEE-BCD7-FA0849B7C4C5} = {057D7DE7-B20F-47AD-99D8-8093D2FEC312}
		{9732CBD7-3584-40B2-AB20-BC533D8A1C73} = {46279F9B-E1C5-4FEE-BCD7-FA0849B7C4C5}
		{1A00F3EB-F7DE-4308-A873-BDB5DABA3685} = {1B917FF3-8045-492B-87D1-E9E9EF75B19D}
		{5FDB268A-019B-453C-9EE5-C6EA9DC993AA} = {057D7DE7-B20F-47AD-99D8-8093D2FEC312}
		{858D9200-2154-4867-83F9-FBD817E33C1D} = {5FDB268A-019B-453C-9EE5-C6EA9DC993AA}
		{2416565E-9C21-4433-BEF5-F4235F316B94} = {46D44E6B-8879-4197-913C-6DA6000FF332}
		{9CBFE600-6CDA-4DB8-A274-1070A98A462E} = {2416565E-9C21-4433-BEF5-F4235F316B94}
		{3DB6219F-FCB6-4A28-B9D9-A9F41B8800A6} = {46D44E6B-8879-4197-913C-6DA6000FF332}
		{2AF24DF0-798F-4325-BF49-AD709A2BAC7E} = {3DB6219F-FCB6-4A28-B9D9-A9F41B8800A6}
	EndGlobalSection
	GlobalSection(ProjectConfigurationPlatforms) = postSolution
		{0597E8AF-3089-4423-9F72-F94F553D9B91}.Debug|Any CPU.ActiveCfg = Debug|Any CPU
		{0597E8AF-3089-4423-9F72-F94F553D9B91}.Debug|Any CPU.Build.0 = Debug|Any CPU
		{0597E8AF-3089-4423-9F72-F94F553D9B91}.Release|Any CPU.ActiveCfg = Release|Any CPU
		{0597E8AF-3089-4423-9F72-F94F553D9B91}.Release|Any CPU.Build.0 = Release|Any CPU
		{DC079C86-320B-4F70-903F-D2D62A659FBB}.Debug|Any CPU.ActiveCfg = Debug|Any CPU
		{DC079C86-320B-4F70-903F-D2D62A659FBB}.Debug|Any CPU.Build.0 = Debug|Any CPU
		{DC079C86-320B-4F70-903F-D2D62A659FBB}.Release|Any CPU.ActiveCfg = Release|Any CPU
		{DC079C86-320B-4F70-903F-D2D62A659FBB}.Release|Any CPU.Build.0 = Release|Any CPU
		{D6CEACF7-207B-49B9-8B6A-D9717212659A}.Debug|Any CPU.ActiveCfg = Debug|Any CPU
		{D6CEACF7-207B-49B9-8B6A-D9717212659A}.Debug|Any CPU.Build.0 = Debug|Any CPU
		{D6CEACF7-207B-49B9-8B6A-D9717212659A}.Release|Any CPU.ActiveCfg = Release|Any CPU
		{D6CEACF7-207B-49B9-8B6A-D9717212659A}.Release|Any CPU.Build.0 = Release|Any CPU
		{25BAAEA3-A154-4F15-A958-DFC2D300EEDB}.Debug|Any CPU.ActiveCfg = Debug|Any CPU
		{25BAAEA3-A154-4F15-A958-DFC2D300EEDB}.Debug|Any CPU.Build.0 = Debug|Any CPU
		{25BAAEA3-A154-4F15-A958-DFC2D300EEDB}.Release|Any CPU.ActiveCfg = Release|Any CPU
		{25BAAEA3-A154-4F15-A958-DFC2D300EEDB}.Release|Any CPU.Build.0 = Release|Any CPU
		{A165BF2A-FDE7-40BE-8FDD-7CF03254CB1A}.Debug|Any CPU.ActiveCfg = Debug|Any CPU
		{A165BF2A-FDE7-40BE-8FDD-7CF03254CB1A}.Debug|Any CPU.Build.0 = Debug|Any CPU
		{A165BF2A-FDE7-40BE-8FDD-7CF03254CB1A}.Release|Any CPU.ActiveCfg = Release|Any CPU
		{A165BF2A-FDE7-40BE-8FDD-7CF03254CB1A}.Release|Any CPU.Build.0 = Release|Any CPU
		{50283063-AE99-43EE-998F-883358B392B6}.Debug|Any CPU.ActiveCfg = Debug|Any CPU
		{50283063-AE99-43EE-998F-883358B392B6}.Debug|Any CPU.Build.0 = Debug|Any CPU
		{50283063-AE99-43EE-998F-883358B392B6}.Release|Any CPU.ActiveCfg = Release|Any CPU
		{50283063-AE99-43EE-998F-883358B392B6}.Release|Any CPU.Build.0 = Release|Any CPU
		{B940CC72-93E5-4334-8504-1B7DA2EAF0A3}.Debug|Any CPU.ActiveCfg = Debug|Any CPU
		{B940CC72-93E5-4334-8504-1B7DA2EAF0A3}.Debug|Any CPU.Build.0 = Debug|Any CPU
		{B940CC72-93E5-4334-8504-1B7DA2EAF0A3}.Release|Any CPU.ActiveCfg = Release|Any CPU
		{B940CC72-93E5-4334-8504-1B7DA2EAF0A3}.Release|Any CPU.Build.0 = Release|Any CPU
		{AB5827BE-7721-4F35-BFD4-9075B9854DF2}.Debug|Any CPU.ActiveCfg = Debug|Any CPU
		{AB5827BE-7721-4F35-BFD4-9075B9854DF2}.Debug|Any CPU.Build.0 = Debug|Any CPU
		{AB5827BE-7721-4F35-BFD4-9075B9854DF2}.Release|Any CPU.ActiveCfg = Release|Any CPU
		{AB5827BE-7721-4F35-BFD4-9075B9854DF2}.Release|Any CPU.Build.0 = Release|Any CPU
		{A60A86FB-CBFD-4A2E-8C75-CCEF9402C4F9}.Debug|Any CPU.ActiveCfg = Debug|Any CPU
		{A60A86FB-CBFD-4A2E-8C75-CCEF9402C4F9}.Debug|Any CPU.Build.0 = Debug|Any CPU
		{A60A86FB-CBFD-4A2E-8C75-CCEF9402C4F9}.Release|Any CPU.ActiveCfg = Release|Any CPU
		{A60A86FB-CBFD-4A2E-8C75-CCEF9402C4F9}.Release|Any CPU.Build.0 = Release|Any CPU
		{2FCC75D8-9A95-4F39-B988-0AF9707D2B5A}.Debug|Any CPU.ActiveCfg = Debug|Any CPU
		{2FCC75D8-9A95-4F39-B988-0AF9707D2B5A}.Debug|Any CPU.Build.0 = Debug|Any CPU
		{2FCC75D8-9A95-4F39-B988-0AF9707D2B5A}.Release|Any CPU.ActiveCfg = Release|Any CPU
		{2FCC75D8-9A95-4F39-B988-0AF9707D2B5A}.Release|Any CPU.Build.0 = Release|Any CPU
		{49D12A32-2433-44A0-9001-FA77FAA48BF7}.Debug|Any CPU.ActiveCfg = Debug|Any CPU
		{49D12A32-2433-44A0-9001-FA77FAA48BF7}.Debug|Any CPU.Build.0 = Debug|Any CPU
		{49D12A32-2433-44A0-9001-FA77FAA48BF7}.Release|Any CPU.ActiveCfg = Release|Any CPU
		{49D12A32-2433-44A0-9001-FA77FAA48BF7}.Release|Any CPU.Build.0 = Release|Any CPU
		{40E180EC-CBD0-4349-9035-7C8FBDA4119A}.Debug|Any CPU.ActiveCfg = Debug|Any CPU
		{40E180EC-CBD0-4349-9035-7C8FBDA4119A}.Debug|Any CPU.Build.0 = Debug|Any CPU
		{40E180EC-CBD0-4349-9035-7C8FBDA4119A}.Release|Any CPU.ActiveCfg = Release|Any CPU
		{40E180EC-CBD0-4349-9035-7C8FBDA4119A}.Release|Any CPU.Build.0 = Release|Any CPU
		{E22159C5-D1A3-4931-B64F-901471346CD6}.Debug|Any CPU.ActiveCfg = Debug|Any CPU
		{E22159C5-D1A3-4931-B64F-901471346CD6}.Debug|Any CPU.Build.0 = Debug|Any CPU
		{E22159C5-D1A3-4931-B64F-901471346CD6}.Release|Any CPU.ActiveCfg = Release|Any CPU
		{E22159C5-D1A3-4931-B64F-901471346CD6}.Release|Any CPU.Build.0 = Release|Any CPU
		{F0BACB7B-7E50-4095-8600-3275B971A50A}.Debug|Any CPU.ActiveCfg = Debug|Any CPU
		{F0BACB7B-7E50-4095-8600-3275B971A50A}.Debug|Any CPU.Build.0 = Debug|Any CPU
		{F0BACB7B-7E50-4095-8600-3275B971A50A}.Release|Any CPU.ActiveCfg = Release|Any CPU
		{F0BACB7B-7E50-4095-8600-3275B971A50A}.Release|Any CPU.Build.0 = Release|Any CPU
		{9732CBD7-3584-40B2-AB20-BC533D8A1C73}.Debug|Any CPU.ActiveCfg = Debug|Any CPU
		{9732CBD7-3584-40B2-AB20-BC533D8A1C73}.Debug|Any CPU.Build.0 = Debug|Any CPU
		{9732CBD7-3584-40B2-AB20-BC533D8A1C73}.Release|Any CPU.ActiveCfg = Release|Any CPU
		{9732CBD7-3584-40B2-AB20-BC533D8A1C73}.Release|Any CPU.Build.0 = Release|Any CPU
		{1A00F3EB-F7DE-4308-A873-BDB5DABA3685}.Debug|Any CPU.ActiveCfg = Debug|Any CPU
		{1A00F3EB-F7DE-4308-A873-BDB5DABA3685}.Debug|Any CPU.Build.0 = Debug|Any CPU
		{1A00F3EB-F7DE-4308-A873-BDB5DABA3685}.Release|Any CPU.ActiveCfg = Release|Any CPU
		{1A00F3EB-F7DE-4308-A873-BDB5DABA3685}.Release|Any CPU.Build.0 = Release|Any CPU
		{858D9200-2154-4867-83F9-FBD817E33C1D}.Debug|Any CPU.ActiveCfg = Debug|Any CPU
		{858D9200-2154-4867-83F9-FBD817E33C1D}.Debug|Any CPU.Build.0 = Debug|Any CPU
		{858D9200-2154-4867-83F9-FBD817E33C1D}.Release|Any CPU.ActiveCfg = Release|Any CPU
		{858D9200-2154-4867-83F9-FBD817E33C1D}.Release|Any CPU.Build.0 = Release|Any CPU
		{9CBFE600-6CDA-4DB8-A274-1070A98A462E}.Debug|Any CPU.ActiveCfg = Debug|Any CPU
		{9CBFE600-6CDA-4DB8-A274-1070A98A462E}.Debug|Any CPU.Build.0 = Debug|Any CPU
		{9CBFE600-6CDA-4DB8-A274-1070A98A462E}.Release|Any CPU.ActiveCfg = Release|Any CPU
		{9CBFE600-6CDA-4DB8-A274-1070A98A462E}.Release|Any CPU.Build.0 = Release|Any CPU
		{2AF24DF0-798F-4325-BF49-AD709A2BAC7E}.Debug|Any CPU.ActiveCfg = Debug|Any CPU
		{2AF24DF0-798F-4325-BF49-AD709A2BAC7E}.Debug|Any CPU.Build.0 = Debug|Any CPU
		{2AF24DF0-798F-4325-BF49-AD709A2BAC7E}.Release|Any CPU.ActiveCfg = Release|Any CPU
		{2AF24DF0-798F-4325-BF49-AD709A2BAC7E}.Release|Any CPU.Build.0 = Release|Any CPU
	EndGlobalSection
EndGlobal
