
Microsoft Visual Studio Solution File, Format Version 12.00
Project("{2150E333-8FDC-42A3-9474-1A3956D46DE8}") = "Solution Items", "Solution Items", "{0800D430-7FAF-4ACB-8A9A-6E1A9D8455B9}"
	ProjectSection(SolutionItems) = preProject
		src\docker-compose.override.yml = src\docker-compose.override.yml
		src\docker-compose.yml = src\docker-compose.yml
	EndProjectSection
EndProject
Project("{2150E333-8FDC-42A3-9474-1A3956D46DE8}") = "src", "src", "{46D44E6B-8879-4197-913C-6DA6000FF332}"
EndProject
Project("{2150E333-8FDC-42A3-9474-1A3956D46DE8}") = "ApiGateways", "ApiGateways", "{1B917FF3-8045-492B-87D1-E9E9EF75B19D}"
EndProject
Project("{2150E333-8FDC-42A3-9474-1A3956D46DE8}") = "BuildingBlocks", "BuildingBlocks", "{20A0110A-0786-476D-B783-BB3EA451D271}"
EndProject
Project("{2150E333-8FDC-42A3-9474-1A3956D46DE8}") = "Services", "Services", "{057D7DE7-B20F-47AD-99D8-8093D2FEC312}"
EndProject
Project("{2150E333-8FDC-42A3-9474-1A3956D46DE8}") = "WebApps", "WebApps", "{54A338F5-CDDC-4CD5-A1DC-76CF8AC9767B}"
EndProject
Project("{2150E333-8FDC-42A3-9474-1A3956D46DE8}") = "Product", "Product", "{D279639C-B4C5-41E1-A0FF-A583526D2F7F}"
EndProject
Project("{2150E333-8FDC-42A3-9474-1A3956D46DE8}") = "EventBus", "EventBus", "{54193816-497E-410B-A656-E671757FDB48}"
EndProject
Project("{FAE04EC0-301F-11D3-BF4B-00C04F79EFBC}") = "Common.Logging", "src\BuildingBlocks\Common.Logging\Common.Logging.csproj", "{0597E8AF-3089-4423-9F72-F94F553D9B91}"
EndProject
Project("{FAE04EC0-301F-11D3-BF4B-00C04F79EFBC}") = "Contracts", "src\BuildingBlocks\Contracts\Contracts.csproj", "{DC079C86-320B-4F70-903F-D2D62A659FBB}"
EndProject
Project("{FAE04EC0-301F-11D3-BF4B-00C04F79EFBC}") = "Infrastructure", "src\BuildingBlocks\Infrastructure\Infrastructure.csproj", "{D6CEACF7-207B-49B9-8B6A-D9717212659A}"
EndProject
Project("{FAE04EC0-301F-11D3-BF4B-00C04F79EFBC}") = "WebApplication1", "WebApplication1\WebApplication1.csproj", "{25BAAEA3-A154-4F15-A958-DFC2D300EEDB}"
EndProject
Project("{2150E333-8FDC-42A3-9474-1A3956D46DE8}") = "Basket", "Basket", "{FCB7A1D9-F272-4A39-B4E4-55688DFA907C}"
EndProject
Project("{FAE04EC0-301F-11D3-BF4B-00C04F79EFBC}") = "Basket.API", "src\Services\Basket.API\Basket.API.csproj", "{A165BF2A-FDE7-40BE-8FDD-7CF03254CB1A}"
EndProject
Project("{FAE04EC0-301F-11D3-BF4B-00C04F79EFBC}") = "Shared", "src\BuildingBlocks\Shared\Shared.csproj", "{50283063-AE99-43EE-998F-883358B392B6}"
EndProject
Project("{FAE04EC0-301F-11D3-BF4B-00C04F79EFBC}") = "Product.API", "src\Services\Product.API\Product.API.csproj", "{B940CC72-93E5-4334-8504-1B7DA2EAF0A3}"
EndProject
Global
	GlobalSection(SolutionConfigurationPlatforms) = preSolution
		Debug|Any CPU = Debug|Any CPU
		Release|Any CPU = Release|Any CPU
	EndGlobalSection
	GlobalSection(NestedProjects) = preSolution
		{1B917FF3-8045-492B-87D1-E9E9EF75B19D} = {46D44E6B-8879-4197-913C-6DA6000FF332}
		{20A0110A-0786-476D-B783-BB3EA451D271} = {46D44E6B-8879-4197-913C-6DA6000FF332}
		{057D7DE7-B20F-47AD-99D8-8093D2FEC312} = {46D44E6B-8879-4197-913C-6DA6000FF332}
		{54A338F5-CDDC-4CD5-A1DC-76CF8AC9767B} = {46D44E6B-8879-4197-913C-6DA6000FF332}
		{D279639C-B4C5-41E1-A0FF-A583526D2F7F} = {057D7DE7-B20F-47AD-99D8-8093D2FEC312}
		{54193816-497E-410B-A656-E671757FDB48} = {20A0110A-0786-476D-B783-BB3EA451D271}
		{0597E8AF-3089-4423-9F72-F94F553D9B91} = {20A0110A-0786-476D-B783-BB3EA451D271}
		{DC079C86-320B-4F70-903F-D2D62A659FBB} = {20A0110A-0786-476D-B783-BB3EA451D271}
		{D6CEACF7-207B-49B9-8B6A-D9717212659A} = {20A0110A-0786-476D-B783-BB3EA451D271}
		{25BAAEA3-A154-4F15-A958-DFC2D300EEDB} = {54A338F5-CDDC-4CD5-A1DC-76CF8AC9767B}
		{FCB7A1D9-F272-4A39-B4E4-55688DFA907C} = {057D7DE7-B20F-47AD-99D8-8093D2FEC312}
		{A165BF2A-FDE7-40BE-8FDD-7CF03254CB1A} = {FCB7A1D9-F272-4A39-B4E4-55688DFA907C}
		{50283063-AE99-43EE-998F-883358B392B6} = {20A0110A-0786-476D-B783-BB3EA451D271}
		{B940CC72-93E5-4334-8504-1B7DA2EAF0A3} = {D279639C-B4C5-41E1-A0FF-A583526D2F7F}
	EndGlobalSection
	GlobalSection(ProjectConfigurationPlatforms) = postSolution
		{0597E8AF-3089-4423-9F72-F94F553D9B91}.Debug|Any CPU.ActiveCfg = Debug|Any CPU
		{0597E8AF-3089-4423-9F72-F94F553D9B91}.Debug|Any CPU.Build.0 = Debug|Any CPU
		{0597E8AF-3089-4423-9F72-F94F553D9B91}.Release|Any CPU.ActiveCfg = Release|Any CPU
		{0597E8AF-3089-4423-9F72-F94F553D9B91}.Release|Any CPU.Build.0 = Release|Any CPU
		{DC079C86-320B-4F70-903F-D2D62A659FBB}.Debug|Any CPU.ActiveCfg = Debug|Any CPU
		{DC079C86-320B-4F70-903F-D2D62A659FBB}.Debug|Any CPU.Build.0 = Debug|Any CPU
		{DC079C86-320B-4F70-903F-D2D62A659FBB}.Release|Any CPU.ActiveCfg = Release|Any CPU
		{DC079C86-320B-4F70-903F-D2D62A659FBB}.Release|Any CPU.Build.0 = Release|Any CPU
		{D6CEACF7-207B-49B9-8B6A-D9717212659A}.Debug|Any CPU.ActiveCfg = Debug|Any CPU
		{D6CEACF7-207B-49B9-8B6A-D9717212659A}.Debug|Any CPU.Build.0 = Debug|Any CPU
		{D6CEACF7-207B-49B9-8B6A-D9717212659A}.Release|Any CPU.ActiveCfg = Release|Any CPU
		{D6CEACF7-207B-49B9-8B6A-D9717212659A}.Release|Any CPU.Build.0 = Release|Any CPU
		{25BAAEA3-A154-4F15-A958-DFC2D300EEDB}.Debug|Any CPU.ActiveCfg = Debug|Any CPU
		{25BAAEA3-A154-4F15-A958-DFC2D300EEDB}.Debug|Any CPU.Build.0 = Debug|Any CPU
		{25BAAEA3-A154-4F15-A958-DFC2D300EEDB}.Release|Any CPU.ActiveCfg = Release|Any CPU
		{25BAAEA3-A154-4F15-A958-DFC2D300EEDB}.Release|Any CPU.Build.0 = Release|Any CPU
		{A165BF2A-FDE7-40BE-8FDD-7CF03254CB1A}.Debug|Any CPU.ActiveCfg = Debug|Any CPU
		{A165BF2A-FDE7-40BE-8FDD-7CF03254CB1A}.Debug|Any CPU.Build.0 = Debug|Any CPU
		{A165BF2A-FDE7-40BE-8FDD-7CF03254CB1A}.Release|Any CPU.ActiveCfg = Release|Any CPU
		{A165BF2A-FDE7-40BE-8FDD-7CF03254CB1A}.Release|Any CPU.Build.0 = Release|Any CPU
		{50283063-AE99-43EE-998F-883358B392B6}.Debug|Any CPU.ActiveCfg = Debug|Any CPU
		{50283063-AE99-43EE-998F-883358B392B6}.Debug|Any CPU.Build.0 = Debug|Any CPU
		{50283063-AE99-43EE-998F-883358B392B6}.Release|Any CPU.ActiveCfg = Release|Any CPU
		{50283063-AE99-43EE-998F-883358B392B6}.Release|Any CPU.Build.0 = Release|Any CPU
		{B940CC72-93E5-4334-8504-1B7DA2EAF0A3}.Debug|Any CPU.ActiveCfg = Debug|Any CPU
		{B940CC72-93E5-4334-8504-1B7DA2EAF0A3}.Debug|Any CPU.Build.0 = Debug|Any CPU
		{B940CC72-93E5-4334-8504-1B7DA2EAF0A3}.Release|Any CPU.ActiveCfg = Release|Any CPU
		{B940CC72-93E5-4334-8504-1B7DA2EAF0A3}.Release|Any CPU.Build.0 = Release|Any CPU
	EndGlobalSection
EndGlobal
